
Microsoft Visual Studio Solution File, Format Version 12.00
# Visual Studio Version 17
VisualStudioVersion = 17.5.002.0
MinimumVisualStudioVersion = 10.0.40219.1
Project("{9A19103F-16F7-4668-BE54-9A1E7A4F7556}") = "TrilhaApiDesafio", "TrilhaApiDesafio.csproj", "{5F627EA2-462D-4AB5-B990-A850AB6E0133}"
EndProject
Global
	GlobalSection(SolutionConfigurationPlatforms) = preSolution
		Debug|Any CPU = Debug|Any CPU
		Release|Any CPU = Release|Any CPU
	EndGlobalSection
	GlobalSection(ProjectConfigurationPlatforms) = postSolution
		{5F627EA2-462D-4AB5-B990-A850AB6E0133}.Debug|Any CPU.ActiveCfg = Debug|Any CPU
		{5F627EA2-462D-4AB5-B990-A850AB6E0133}.Debug|Any CPU.Build.0 = Debug|Any CPU
		{5F627EA2-462D-4AB5-B990-A850AB6E0133}.Release|Any CPU.ActiveCfg = Release|Any CPU
		{5F627EA2-462D-4AB5-B990-A850AB6E0133}.Release|Any CPU.Build.0 = Release|Any CPU
	EndGlobalSection
	GlobalSection(SolutionProperties) = preSolution
		HideSolutionNode = FALSE
	EndGlobalSection
	GlobalSection(ExtensibilityGlobals) = postSolution
		SolutionGuid = {BBD7750E-605C-4FD2-B14E-9923B325D0E3}
	EndGlobalSection
EndGlobal
